
Microsoft Visual Studio Solution File, Format Version 12.00
# Visual Studio Version 17
VisualStudioVersion = 17.7.34009.444
MinimumVisualStudioVersion = 10.0.40219.1
Project("{9A19103F-16F7-4668-BE54-9A1E7A4F7556}") = "StrChange", "CodeTest\StrChange.csproj", "{1479D403-0082-42CF-8561-C62CEE3AE644}"
EndProject
Project("{2150E333-8FDC-42A3-9474-1A3956D46DE8}") = "CodeTest", "CodeTest", "{B943965E-4DC9-449D-A54E-50F2F0310727}"
EndProject
Project("{9A19103F-16F7-4668-BE54-9A1E7A4F7556}") = "조건 문자열", "조건 문자열\조건 문자열.csproj", "{786C2B79-6D12-4AD6-B409-7805D4FEF1D8}"
EndProject
Project("{9A19103F-16F7-4668-BE54-9A1E7A4F7556}") = "수열과 구간쿼리2", "수열과 구간쿼리2\수열과 구간쿼리2.csproj", "{9A52CEA4-24F7-493B-BBF5-588B34EB0CE7}"
EndProject
Project("{9A19103F-16F7-4668-BE54-9A1E7A4F7556}") = "부분 문자열", "부분 문자열\부분 문자열.csproj", "{65AF6972-E2DA-461E-B211-AAA226A4C6FD}"
EndProject
Project("{9A19103F-16F7-4668-BE54-9A1E7A4F7556}") = "문자열로 변환", "문자열로 변환\문자열로 변환.csproj", "{6076184E-FFBA-4D44-A106-8ACA2DB8197E}"
EndProject
Project("{9A19103F-16F7-4668-BE54-9A1E7A4F7556}") = "뒤에서5등까지", "뒤에서5등까지\뒤에서5등까지.csproj", "{256450D4-39BC-433C-A5CC-A11533F60038}"
EndProject
Project("{9A19103F-16F7-4668-BE54-9A1E7A4F7556}") = "조건에 맞게 수열 변환하기", "조건에 맞게 수열 변환하기\조건에 맞게 수열 변환하기.csproj", "{AB63E9CE-F053-431D-B7F7-3237DC4EE97F}"
EndProject
Project("{FAE04EC0-301F-11D3-BF4B-00C04F79EFBC}") = "리스트 자르기", "리스트 자르기\리스트 자르기.csproj", "{8E2A13B6-A6C2-4A35-A0C1-524EF4BDF63E}"
EndProject
Project("{FAE04EC0-301F-11D3-BF4B-00C04F79EFBC}") = "첫 번째로 나오는 음수", "첫 번째로 나오는 음수\첫 번째로 나오는 음수.csproj", "{8E17B875-4F2D-4638-BA7A-4F9AD3A5D99C}"
EndProject
Global
	GlobalSection(SolutionConfigurationPlatforms) = preSolution
		Debug|Any CPU = Debug|Any CPU
		Release|Any CPU = Release|Any CPU
	EndGlobalSection
	GlobalSection(ProjectConfigurationPlatforms) = postSolution
		{1479D403-0082-42CF-8561-C62CEE3AE644}.Debug|Any CPU.ActiveCfg = Debug|Any CPU
		{1479D403-0082-42CF-8561-C62CEE3AE644}.Debug|Any CPU.Build.0 = Debug|Any CPU
		{1479D403-0082-42CF-8561-C62CEE3AE644}.Release|Any CPU.ActiveCfg = Release|Any CPU
		{1479D403-0082-42CF-8561-C62CEE3AE644}.Release|Any CPU.Build.0 = Release|Any CPU
		{786C2B79-6D12-4AD6-B409-7805D4FEF1D8}.Debug|Any CPU.ActiveCfg = Debug|Any CPU
		{786C2B79-6D12-4AD6-B409-7805D4FEF1D8}.Debug|Any CPU.Build.0 = Debug|Any CPU
		{786C2B79-6D12-4AD6-B409-7805D4FEF1D8}.Release|Any CPU.ActiveCfg = Release|Any CPU
		{786C2B79-6D12-4AD6-B409-7805D4FEF1D8}.Release|Any CPU.Build.0 = Release|Any CPU
		{9A52CEA4-24F7-493B-BBF5-588B34EB0CE7}.Debug|Any CPU.ActiveCfg = Debug|Any CPU
		{9A52CEA4-24F7-493B-BBF5-588B34EB0CE7}.Debug|Any CPU.Build.0 = Debug|Any CPU
		{9A52CEA4-24F7-493B-BBF5-588B34EB0CE7}.Release|Any CPU.ActiveCfg = Release|Any CPU
		{9A52CEA4-24F7-493B-BBF5-588B34EB0CE7}.Release|Any CPU.Build.0 = Release|Any CPU
		{65AF6972-E2DA-461E-B211-AAA226A4C6FD}.Debug|Any CPU.ActiveCfg = Debug|Any CPU
		{65AF6972-E2DA-461E-B211-AAA226A4C6FD}.Debug|Any CPU.Build.0 = Debug|Any CPU
		{65AF6972-E2DA-461E-B211-AAA226A4C6FD}.Release|Any CPU.ActiveCfg = Release|Any CPU
		{65AF6972-E2DA-461E-B211-AAA226A4C6FD}.Release|Any CPU.Build.0 = Release|Any CPU
		{6076184E-FFBA-4D44-A106-8ACA2DB8197E}.Debug|Any CPU.ActiveCfg = Debug|Any CPU
		{6076184E-FFBA-4D44-A106-8ACA2DB8197E}.Debug|Any CPU.Build.0 = Debug|Any CPU
		{6076184E-FFBA-4D44-A106-8ACA2DB8197E}.Release|Any CPU.ActiveCfg = Release|Any CPU
		{6076184E-FFBA-4D44-A106-8ACA2DB8197E}.Release|Any CPU.Build.0 = Release|Any CPU
		{256450D4-39BC-433C-A5CC-A11533F60038}.Debug|Any CPU.ActiveCfg = Debug|Any CPU
		{256450D4-39BC-433C-A5CC-A11533F60038}.Debug|Any CPU.Build.0 = Debug|Any CPU
		{256450D4-39BC-433C-A5CC-A11533F60038}.Release|Any CPU.ActiveCfg = Release|Any CPU
		{256450D4-39BC-433C-A5CC-A11533F60038}.Release|Any CPU.Build.0 = Release|Any CPU
		{AB63E9CE-F053-431D-B7F7-3237DC4EE97F}.Debug|Any CPU.ActiveCfg = Debug|Any CPU
		{AB63E9CE-F053-431D-B7F7-3237DC4EE97F}.Debug|Any CPU.Build.0 = Debug|Any CPU
		{AB63E9CE-F053-431D-B7F7-3237DC4EE97F}.Release|Any CPU.ActiveCfg = Release|Any CPU
		{AB63E9CE-F053-431D-B7F7-3237DC4EE97F}.Release|Any CPU.Build.0 = Release|Any CPU
		{8E2A13B6-A6C2-4A35-A0C1-524EF4BDF63E}.Debug|Any CPU.ActiveCfg = Debug|Any CPU
		{8E2A13B6-A6C2-4A35-A0C1-524EF4BDF63E}.Debug|Any CPU.Build.0 = Debug|Any CPU
		{8E2A13B6-A6C2-4A35-A0C1-524EF4BDF63E}.Release|Any CPU.ActiveCfg = Release|Any CPU
		{8E2A13B6-A6C2-4A35-A0C1-524EF4BDF63E}.Release|Any CPU.Build.0 = Release|Any CPU
		{8E17B875-4F2D-4638-BA7A-4F9AD3A5D99C}.Debug|Any CPU.ActiveCfg = Debug|Any CPU
		{8E17B875-4F2D-4638-BA7A-4F9AD3A5D99C}.Debug|Any CPU.Build.0 = Debug|Any CPU
		{8E17B875-4F2D-4638-BA7A-4F9AD3A5D99C}.Release|Any CPU.ActiveCfg = Release|Any CPU
		{8E17B875-4F2D-4638-BA7A-4F9AD3A5D99C}.Release|Any CPU.Build.0 = Release|Any CPU
	EndGlobalSection
	GlobalSection(SolutionProperties) = preSolution
		HideSolutionNode = FALSE
	EndGlobalSection
	GlobalSection(NestedProjects) = preSolution
		{1479D403-0082-42CF-8561-C62CEE3AE644} = {B943965E-4DC9-449D-A54E-50F2F0310727}
		{786C2B79-6D12-4AD6-B409-7805D4FEF1D8} = {B943965E-4DC9-449D-A54E-50F2F0310727}
		{9A52CEA4-24F7-493B-BBF5-588B34EB0CE7} = {B943965E-4DC9-449D-A54E-50F2F0310727}
		{65AF6972-E2DA-461E-B211-AAA226A4C6FD} = {B943965E-4DC9-449D-A54E-50F2F0310727}
		{6076184E-FFBA-4D44-A106-8ACA2DB8197E} = {B943965E-4DC9-449D-A54E-50F2F0310727}
		{256450D4-39BC-433C-A5CC-A11533F60038} = {B943965E-4DC9-449D-A54E-50F2F0310727}
		{AB63E9CE-F053-431D-B7F7-3237DC4EE97F} = {B943965E-4DC9-449D-A54E-50F2F0310727}
		{8E2A13B6-A6C2-4A35-A0C1-524EF4BDF63E} = {B943965E-4DC9-449D-A54E-50F2F0310727}
		{8E17B875-4F2D-4638-BA7A-4F9AD3A5D99C} = {B943965E-4DC9-449D-A54E-50F2F0310727}
	EndGlobalSection
	GlobalSection(ExtensibilityGlobals) = postSolution
		SolutionGuid = {759B4AFA-CA8C-407F-85C1-A579BF5FB4B8}
	EndGlobalSection
EndGlobal
