
Microsoft Visual Studio Solution File, Format Version 12.00
# Visual Studio Version 17
VisualStudioVersion = 17.7.34009.444
MinimumVisualStudioVersion = 10.0.40219.1
Project("{9A19103F-16F7-4668-BE54-9A1E7A4F7556}") = "StrChange", "CodeTest\StrChange.csproj", "{1479D403-0082-42CF-8561-C62CEE3AE644}"
EndProject
Project("{2150E333-8FDC-42A3-9474-1A3956D46DE8}") = "CodeTest", "CodeTest", "{B943965E-4DC9-449D-A54E-50F2F0310727}"
EndProject
Project("{9A19103F-16F7-4668-BE54-9A1E7A4F7556}") = "조건 문자열", "조건 문자열\조건 문자열.csproj", "{786C2B79-6D12-4AD6-B409-7805D4FEF1D8}"
EndProject
Project("{9A19103F-16F7-4668-BE54-9A1E7A4F7556}") = "수열과 구간쿼리2", "수열과 구간쿼리2\수열과 구간쿼리2.csproj", "{9A52CEA4-24F7-493B-BBF5-588B34EB0CE7}"
EndProject
Project("{9A19103F-16F7-4668-BE54-9A1E7A4F7556}") = "부분 문자열", "부분 문자열\부분 문자열.csproj", "{65AF6972-E2DA-461E-B211-AAA226A4C6FD}"
EndProject
Project("{9A19103F-16F7-4668-BE54-9A1E7A4F7556}") = "문자열로 변환", "문자열로 변환\문자열로 변환.csproj", "{6076184E-FFBA-4D44-A106-8ACA2DB8197E}"
EndProject
Project("{9A19103F-16F7-4668-BE54-9A1E7A4F7556}") = "뒤에서5등까지", "뒤에서5등까지\뒤에서5등까지.csproj", "{256450D4-39BC-433C-A5CC-A11533F60038}"
EndProject
Project("{9A19103F-16F7-4668-BE54-9A1E7A4F7556}") = "조건에 맞게 수열 변환하기", "조건에 맞게 수열 변환하기\조건에 맞게 수열 변환하기.csproj", "{AB63E9CE-F053-431D-B7F7-3237DC4EE97F}"
EndProject
Project("{9A19103F-16F7-4668-BE54-9A1E7A4F7556}") = "리스트 자르기", "리스트 자르기\리스트 자르기.csproj", "{8E2A13B6-A6C2-4A35-A0C1-524EF4BDF63E}"
EndProject
Project("{9A19103F-16F7-4668-BE54-9A1E7A4F7556}") = "첫 번째로 나오는 음수", "첫 번째로 나오는 음수\첫 번째로 나오는 음수.csproj", "{8E17B875-4F2D-4638-BA7A-4F9AD3A5D99C}"
EndProject
Project("{2150E333-8FDC-42A3-9474-1A3956D46DE8}") = "0", "0", "{EB47D574-37CD-488A-85DB-A7EFFA9000CB}"
EndProject
Project("{9A19103F-16F7-4668-BE54-9A1E7A4F7556}") = "배열 만들기 3", "배열 만들기 3\배열 만들기 3.csproj", "{1FE2D316-20FA-4095-98D7-1325D2106C62}"
EndProject
Project("{9A19103F-16F7-4668-BE54-9A1E7A4F7556}") = "2의 영역", "2의 영역\2의 영역.csproj", "{CD7ABDB0-C3BB-4D35-B5CE-6B6D24F20A30}"
EndProject
Project("{9A19103F-16F7-4668-BE54-9A1E7A4F7556}") = "배열 조각하기", "배열 조각하기\배열 조각하기.csproj", "{BEF72E56-E936-46FE-B900-9246BE0C823D}"
EndProject
Project("{9A19103F-16F7-4668-BE54-9A1E7A4F7556}") = "n번째 원소부터", "n번째 원소부터\n번째 원소부터.csproj", "{4E7F80AE-BB7F-4EDA-8CFA-417215E60883}"
EndProject
Project("{9A19103F-16F7-4668-BE54-9A1E7A4F7556}") = "순서 바꾸기", "순서 바꾸기\순서 바꾸기.csproj", "{AC40C133-0EAC-4863-8609-8EBD47583C82}"
EndProject
Project("{9A19103F-16F7-4668-BE54-9A1E7A4F7556}") = "왼쪽 오른쪽", "왼쪽 오른쪽\왼쪽 오른쪽.csproj", "{B8AAF055-7D2C-4422-AF42-61C6BAC9CFD6}"
EndProject
Project("{9A19103F-16F7-4668-BE54-9A1E7A4F7556}") = "n번째 원소까지", "n번째 원소까지\n번째 원소까지.csproj", "{E5B84E0F-C374-4EFE-BA49-31F6EA2B6228}"
EndProject
Project("{9A19103F-16F7-4668-BE54-9A1E7A4F7556}") = "n개 간격의 원소들", "n개 간격의 원소들\n개 간격의 원소들.csproj", "{94191394-D1C4-4EEA-B4F9-444676F1BC9F}"
EndProject
Project("{FAE04EC0-301F-11D3-BF4B-00C04F79EFBC}") = "홀수vs짝수", "홀수vs짝수\홀수vs짝수.csproj", "{7E945EFD-04EA-43A3-A0A1-EFFB7792C2DB}"
EndProject
Project("{FAE04EC0-301F-11D3-BF4B-00C04F79EFBC}") = "5명씩", "5명씩\5명씩.csproj", "{C7639444-7262-4726-B197-CC057B307112}"
EndProject
Project("{FAE04EC0-301F-11D3-BF4B-00C04F79EFBC}") = "할 일 목록", "할 일 목록\할 일 목록.csproj", "{D2DC32A2-042B-402E-9C69-F363757AFDC0}"
EndProject
Project("{FAE04EC0-301F-11D3-BF4B-00C04F79EFBC}") = "n보다 커질 때까지 더하기", "n보다 커질 때까지 더하기\n보다 커질 때까지 더하기.csproj", "{471E2575-CE63-4D3A-A31D-8C84E0C466F9}"
EndProject
Project("{FAE04EC0-301F-11D3-BF4B-00C04F79EFBC}") = "수열과 구간 쿼리", "수열과 구간 쿼리\수열과 구간 쿼리.csproj", "{D9FA8C6A-B2FE-4A61-B241-A8702ED15113}"
EndProject
Global
	GlobalSection(SolutionConfigurationPlatforms) = preSolution
		Debug|Any CPU = Debug|Any CPU
		Release|Any CPU = Release|Any CPU
	EndGlobalSection
	GlobalSection(ProjectConfigurationPlatforms) = postSolution
		{1479D403-0082-42CF-8561-C62CEE3AE644}.Debug|Any CPU.ActiveCfg = Debug|Any CPU
		{1479D403-0082-42CF-8561-C62CEE3AE644}.Debug|Any CPU.Build.0 = Debug|Any CPU
		{1479D403-0082-42CF-8561-C62CEE3AE644}.Release|Any CPU.ActiveCfg = Release|Any CPU
		{1479D403-0082-42CF-8561-C62CEE3AE644}.Release|Any CPU.Build.0 = Release|Any CPU
		{786C2B79-6D12-4AD6-B409-7805D4FEF1D8}.Debug|Any CPU.ActiveCfg = Debug|Any CPU
		{786C2B79-6D12-4AD6-B409-7805D4FEF1D8}.Debug|Any CPU.Build.0 = Debug|Any CPU
		{786C2B79-6D12-4AD6-B409-7805D4FEF1D8}.Release|Any CPU.ActiveCfg = Release|Any CPU
		{786C2B79-6D12-4AD6-B409-7805D4FEF1D8}.Release|Any CPU.Build.0 = Release|Any CPU
		{9A52CEA4-24F7-493B-BBF5-588B34EB0CE7}.Debug|Any CPU.ActiveCfg = Debug|Any CPU
		{9A52CEA4-24F7-493B-BBF5-588B34EB0CE7}.Debug|Any CPU.Build.0 = Debug|Any CPU
		{9A52CEA4-24F7-493B-BBF5-588B34EB0CE7}.Release|Any CPU.ActiveCfg = Release|Any CPU
		{9A52CEA4-24F7-493B-BBF5-588B34EB0CE7}.Release|Any CPU.Build.0 = Release|Any CPU
		{65AF6972-E2DA-461E-B211-AAA226A4C6FD}.Debug|Any CPU.ActiveCfg = Debug|Any CPU
		{65AF6972-E2DA-461E-B211-AAA226A4C6FD}.Debug|Any CPU.Build.0 = Debug|Any CPU
		{65AF6972-E2DA-461E-B211-AAA226A4C6FD}.Release|Any CPU.ActiveCfg = Release|Any CPU
		{65AF6972-E2DA-461E-B211-AAA226A4C6FD}.Release|Any CPU.Build.0 = Release|Any CPU
		{6076184E-FFBA-4D44-A106-8ACA2DB8197E}.Debug|Any CPU.ActiveCfg = Debug|Any CPU
		{6076184E-FFBA-4D44-A106-8ACA2DB8197E}.Debug|Any CPU.Build.0 = Debug|Any CPU
		{6076184E-FFBA-4D44-A106-8ACA2DB8197E}.Release|Any CPU.ActiveCfg = Release|Any CPU
		{6076184E-FFBA-4D44-A106-8ACA2DB8197E}.Release|Any CPU.Build.0 = Release|Any CPU
		{256450D4-39BC-433C-A5CC-A11533F60038}.Debug|Any CPU.ActiveCfg = Debug|Any CPU
		{256450D4-39BC-433C-A5CC-A11533F60038}.Debug|Any CPU.Build.0 = Debug|Any CPU
		{256450D4-39BC-433C-A5CC-A11533F60038}.Release|Any CPU.ActiveCfg = Release|Any CPU
		{256450D4-39BC-433C-A5CC-A11533F60038}.Release|Any CPU.Build.0 = Release|Any CPU
		{AB63E9CE-F053-431D-B7F7-3237DC4EE97F}.Debug|Any CPU.ActiveCfg = Debug|Any CPU
		{AB63E9CE-F053-431D-B7F7-3237DC4EE97F}.Debug|Any CPU.Build.0 = Debug|Any CPU
		{AB63E9CE-F053-431D-B7F7-3237DC4EE97F}.Release|Any CPU.ActiveCfg = Release|Any CPU
		{AB63E9CE-F053-431D-B7F7-3237DC4EE97F}.Release|Any CPU.Build.0 = Release|Any CPU
		{8E2A13B6-A6C2-4A35-A0C1-524EF4BDF63E}.Debug|Any CPU.ActiveCfg = Debug|Any CPU
		{8E2A13B6-A6C2-4A35-A0C1-524EF4BDF63E}.Debug|Any CPU.Build.0 = Debug|Any CPU
		{8E2A13B6-A6C2-4A35-A0C1-524EF4BDF63E}.Release|Any CPU.ActiveCfg = Release|Any CPU
		{8E2A13B6-A6C2-4A35-A0C1-524EF4BDF63E}.Release|Any CPU.Build.0 = Release|Any CPU
		{8E17B875-4F2D-4638-BA7A-4F9AD3A5D99C}.Debug|Any CPU.ActiveCfg = Debug|Any CPU
		{8E17B875-4F2D-4638-BA7A-4F9AD3A5D99C}.Debug|Any CPU.Build.0 = Debug|Any CPU
		{8E17B875-4F2D-4638-BA7A-4F9AD3A5D99C}.Release|Any CPU.ActiveCfg = Release|Any CPU
		{8E17B875-4F2D-4638-BA7A-4F9AD3A5D99C}.Release|Any CPU.Build.0 = Release|Any CPU
		{1FE2D316-20FA-4095-98D7-1325D2106C62}.Debug|Any CPU.ActiveCfg = Debug|Any CPU
		{1FE2D316-20FA-4095-98D7-1325D2106C62}.Debug|Any CPU.Build.0 = Debug|Any CPU
		{1FE2D316-20FA-4095-98D7-1325D2106C62}.Release|Any CPU.ActiveCfg = Release|Any CPU
		{1FE2D316-20FA-4095-98D7-1325D2106C62}.Release|Any CPU.Build.0 = Release|Any CPU
		{CD7ABDB0-C3BB-4D35-B5CE-6B6D24F20A30}.Debug|Any CPU.ActiveCfg = Debug|Any CPU
		{CD7ABDB0-C3BB-4D35-B5CE-6B6D24F20A30}.Debug|Any CPU.Build.0 = Debug|Any CPU
		{CD7ABDB0-C3BB-4D35-B5CE-6B6D24F20A30}.Release|Any CPU.ActiveCfg = Release|Any CPU
		{CD7ABDB0-C3BB-4D35-B5CE-6B6D24F20A30}.Release|Any CPU.Build.0 = Release|Any CPU
		{BEF72E56-E936-46FE-B900-9246BE0C823D}.Debug|Any CPU.ActiveCfg = Debug|Any CPU
		{BEF72E56-E936-46FE-B900-9246BE0C823D}.Debug|Any CPU.Build.0 = Debug|Any CPU
		{BEF72E56-E936-46FE-B900-9246BE0C823D}.Release|Any CPU.ActiveCfg = Release|Any CPU
		{BEF72E56-E936-46FE-B900-9246BE0C823D}.Release|Any CPU.Build.0 = Release|Any CPU
		{4E7F80AE-BB7F-4EDA-8CFA-417215E60883}.Debug|Any CPU.ActiveCfg = Debug|Any CPU
		{4E7F80AE-BB7F-4EDA-8CFA-417215E60883}.Debug|Any CPU.Build.0 = Debug|Any CPU
		{4E7F80AE-BB7F-4EDA-8CFA-417215E60883}.Release|Any CPU.ActiveCfg = Release|Any CPU
		{4E7F80AE-BB7F-4EDA-8CFA-417215E60883}.Release|Any CPU.Build.0 = Release|Any CPU
		{AC40C133-0EAC-4863-8609-8EBD47583C82}.Debug|Any CPU.ActiveCfg = Debug|Any CPU
		{AC40C133-0EAC-4863-8609-8EBD47583C82}.Debug|Any CPU.Build.0 = Debug|Any CPU
		{AC40C133-0EAC-4863-8609-8EBD47583C82}.Release|Any CPU.ActiveCfg = Release|Any CPU
		{AC40C133-0EAC-4863-8609-8EBD47583C82}.Release|Any CPU.Build.0 = Release|Any CPU
		{B8AAF055-7D2C-4422-AF42-61C6BAC9CFD6}.Debug|Any CPU.ActiveCfg = Debug|Any CPU
		{B8AAF055-7D2C-4422-AF42-61C6BAC9CFD6}.Debug|Any CPU.Build.0 = Debug|Any CPU
		{B8AAF055-7D2C-4422-AF42-61C6BAC9CFD6}.Release|Any CPU.ActiveCfg = Release|Any CPU
		{B8AAF055-7D2C-4422-AF42-61C6BAC9CFD6}.Release|Any CPU.Build.0 = Release|Any CPU
		{E5B84E0F-C374-4EFE-BA49-31F6EA2B6228}.Debug|Any CPU.ActiveCfg = Debug|Any CPU
		{E5B84E0F-C374-4EFE-BA49-31F6EA2B6228}.Debug|Any CPU.Build.0 = Debug|Any CPU
		{E5B84E0F-C374-4EFE-BA49-31F6EA2B6228}.Release|Any CPU.ActiveCfg = Release|Any CPU
		{E5B84E0F-C374-4EFE-BA49-31F6EA2B6228}.Release|Any CPU.Build.0 = Release|Any CPU
		{94191394-D1C4-4EEA-B4F9-444676F1BC9F}.Debug|Any CPU.ActiveCfg = Debug|Any CPU
		{94191394-D1C4-4EEA-B4F9-444676F1BC9F}.Debug|Any CPU.Build.0 = Debug|Any CPU
		{94191394-D1C4-4EEA-B4F9-444676F1BC9F}.Release|Any CPU.ActiveCfg = Release|Any CPU
		{94191394-D1C4-4EEA-B4F9-444676F1BC9F}.Release|Any CPU.Build.0 = Release|Any CPU
		{7E945EFD-04EA-43A3-A0A1-EFFB7792C2DB}.Debug|Any CPU.ActiveCfg = Debug|Any CPU
		{7E945EFD-04EA-43A3-A0A1-EFFB7792C2DB}.Debug|Any CPU.Build.0 = Debug|Any CPU
		{7E945EFD-04EA-43A3-A0A1-EFFB7792C2DB}.Release|Any CPU.ActiveCfg = Release|Any CPU
		{7E945EFD-04EA-43A3-A0A1-EFFB7792C2DB}.Release|Any CPU.Build.0 = Release|Any CPU
		{C7639444-7262-4726-B197-CC057B307112}.Debug|Any CPU.ActiveCfg = Debug|Any CPU
		{C7639444-7262-4726-B197-CC057B307112}.Debug|Any CPU.Build.0 = Debug|Any CPU
		{C7639444-7262-4726-B197-CC057B307112}.Release|Any CPU.ActiveCfg = Release|Any CPU
		{C7639444-7262-4726-B197-CC057B307112}.Release|Any CPU.Build.0 = Release|Any CPU
		{D2DC32A2-042B-402E-9C69-F363757AFDC0}.Debug|Any CPU.ActiveCfg = Debug|Any CPU
		{D2DC32A2-042B-402E-9C69-F363757AFDC0}.Debug|Any CPU.Build.0 = Debug|Any CPU
		{D2DC32A2-042B-402E-9C69-F363757AFDC0}.Release|Any CPU.ActiveCfg = Release|Any CPU
		{D2DC32A2-042B-402E-9C69-F363757AFDC0}.Release|Any CPU.Build.0 = Release|Any CPU
		{471E2575-CE63-4D3A-A31D-8C84E0C466F9}.Debug|Any CPU.ActiveCfg = Debug|Any CPU
		{471E2575-CE63-4D3A-A31D-8C84E0C466F9}.Debug|Any CPU.Build.0 = Debug|Any CPU
		{471E2575-CE63-4D3A-A31D-8C84E0C466F9}.Release|Any CPU.ActiveCfg = Release|Any CPU
		{471E2575-CE63-4D3A-A31D-8C84E0C466F9}.Release|Any CPU.Build.0 = Release|Any CPU
		{D9FA8C6A-B2FE-4A61-B241-A8702ED15113}.Debug|Any CPU.ActiveCfg = Debug|Any CPU
		{D9FA8C6A-B2FE-4A61-B241-A8702ED15113}.Debug|Any CPU.Build.0 = Debug|Any CPU
		{D9FA8C6A-B2FE-4A61-B241-A8702ED15113}.Release|Any CPU.ActiveCfg = Release|Any CPU
		{D9FA8C6A-B2FE-4A61-B241-A8702ED15113}.Release|Any CPU.Build.0 = Release|Any CPU
	EndGlobalSection
	GlobalSection(SolutionProperties) = preSolution
		HideSolutionNode = FALSE
	EndGlobalSection
	GlobalSection(NestedProjects) = preSolution
		{1479D403-0082-42CF-8561-C62CEE3AE644} = {EB47D574-37CD-488A-85DB-A7EFFA9000CB}
		{786C2B79-6D12-4AD6-B409-7805D4FEF1D8} = {EB47D574-37CD-488A-85DB-A7EFFA9000CB}
		{9A52CEA4-24F7-493B-BBF5-588B34EB0CE7} = {EB47D574-37CD-488A-85DB-A7EFFA9000CB}
		{65AF6972-E2DA-461E-B211-AAA226A4C6FD} = {EB47D574-37CD-488A-85DB-A7EFFA9000CB}
		{6076184E-FFBA-4D44-A106-8ACA2DB8197E} = {EB47D574-37CD-488A-85DB-A7EFFA9000CB}
		{256450D4-39BC-433C-A5CC-A11533F60038} = {EB47D574-37CD-488A-85DB-A7EFFA9000CB}
		{AB63E9CE-F053-431D-B7F7-3237DC4EE97F} = {EB47D574-37CD-488A-85DB-A7EFFA9000CB}
		{8E2A13B6-A6C2-4A35-A0C1-524EF4BDF63E} = {EB47D574-37CD-488A-85DB-A7EFFA9000CB}
		{8E17B875-4F2D-4638-BA7A-4F9AD3A5D99C} = {EB47D574-37CD-488A-85DB-A7EFFA9000CB}
		{EB47D574-37CD-488A-85DB-A7EFFA9000CB} = {B943965E-4DC9-449D-A54E-50F2F0310727}
		{1FE2D316-20FA-4095-98D7-1325D2106C62} = {EB47D574-37CD-488A-85DB-A7EFFA9000CB}
		{CD7ABDB0-C3BB-4D35-B5CE-6B6D24F20A30} = {EB47D574-37CD-488A-85DB-A7EFFA9000CB}
		{BEF72E56-E936-46FE-B900-9246BE0C823D} = {EB47D574-37CD-488A-85DB-A7EFFA9000CB}
		{4E7F80AE-BB7F-4EDA-8CFA-417215E60883} = {EB47D574-37CD-488A-85DB-A7EFFA9000CB}
		{AC40C133-0EAC-4863-8609-8EBD47583C82} = {EB47D574-37CD-488A-85DB-A7EFFA9000CB}
		{B8AAF055-7D2C-4422-AF42-61C6BAC9CFD6} = {EB47D574-37CD-488A-85DB-A7EFFA9000CB}
		{E5B84E0F-C374-4EFE-BA49-31F6EA2B6228} = {EB47D574-37CD-488A-85DB-A7EFFA9000CB}
		{94191394-D1C4-4EEA-B4F9-444676F1BC9F} = {EB47D574-37CD-488A-85DB-A7EFFA9000CB}
		{7E945EFD-04EA-43A3-A0A1-EFFB7792C2DB} = {EB47D574-37CD-488A-85DB-A7EFFA9000CB}
		{C7639444-7262-4726-B197-CC057B307112} = {EB47D574-37CD-488A-85DB-A7EFFA9000CB}
		{D2DC32A2-042B-402E-9C69-F363757AFDC0} = {EB47D574-37CD-488A-85DB-A7EFFA9000CB}
		{471E2575-CE63-4D3A-A31D-8C84E0C466F9} = {EB47D574-37CD-488A-85DB-A7EFFA9000CB}
		{D9FA8C6A-B2FE-4A61-B241-A8702ED15113} = {EB47D574-37CD-488A-85DB-A7EFFA9000CB}
	EndGlobalSection
	GlobalSection(ExtensibilityGlobals) = postSolution
		SolutionGuid = {759B4AFA-CA8C-407F-85C1-A579BF5FB4B8}
	EndGlobalSection
EndGlobal
